
Microsoft Visual Studio Solution File, Format Version 12.00
# Visual Studio Version 17
VisualStudioVersion = 17.0.31903.59
MinimumVisualStudioVersion = 10.0.40219.1
Project("{FAE04EC0-301F-11D3-BF4B-00C04F79EFBC}") = "MyMath", "MyMath\MyMath.csproj", "{7C00E58D-70E9-466F-8C5D-D23CFFB26FE3}"
EndProject
Project("{FAE04EC0-301F-11D3-BF4B-00C04F79EFBC}") = "MyMath.Tests", "MyMath.Tests\MyMath.Tests.csproj", "{D659E6D3-4F42-493F-8520-2731E7983E4F}"
EndProject
Global
	GlobalSection(SolutionConfigurationPlatforms) = preSolution
		Debug|Any CPU = Debug|Any CPU
		Release|Any CPU = Release|Any CPU
	EndGlobalSection
	GlobalSection(SolutionProperties) = preSolution
		HideSolutionNode = FALSE
	EndGlobalSection
	GlobalSection(ProjectConfigurationPlatforms) = postSolution
		{7C00E58D-70E9-466F-8C5D-D23CFFB26FE3}.Debug|Any CPU.ActiveCfg = Debug|Any CPU
		{7C00E58D-70E9-466F-8C5D-D23CFFB26FE3}.Debug|Any CPU.Build.0 = Debug|Any CPU
		{7C00E58D-70E9-466F-8C5D-D23CFFB26FE3}.Release|Any CPU.ActiveCfg = Release|Any CPU
		{7C00E58D-70E9-466F-8C5D-D23CFFB26FE3}.Release|Any CPU.Build.0 = Release|Any CPU
		{D659E6D3-4F42-493F-8520-2731E7983E4F}.Debug|Any CPU.ActiveCfg = Debug|Any CPU
		{D659E6D3-4F42-493F-8520-2731E7983E4F}.Debug|Any CPU.Build.0 = Debug|Any CPU
		{D659E6D3-4F42-493F-8520-2731E7983E4F}.Release|Any CPU.ActiveCfg = Release|Any CPU
		{D659E6D3-4F42-493F-8520-2731E7983E4F}.Release|Any CPU.Build.0 = Release|Any CPU
	EndGlobalSection
EndGlobal
